
Microsoft Visual Studio Solution File, Format Version 12.00
# Visual Studio Version 17
VisualStudioVersion = 17.13.35818.85 d17.13
MinimumVisualStudioVersion = 10.0.40219.1
Project("{FAE04EC0-301F-11D3-BF4B-00C04F79EFBC}") = "RepPortal", "RepPortal.csproj", "{7C73994C-6A74-403D-A5E2-EFC34A4BE986}"
EndProject
Global
	GlobalSection(SolutionConfigurationPlatforms) = preSolution
		Debug|Any CPU = Debug|Any CPU
		Release|Any CPU = Release|Any CPU
	EndGlobalSection
	GlobalSection(ProjectConfigurationPlatforms) = postSolution
		{7C73994C-6A74-403D-A5E2-EFC34A4BE986}.Debug|Any CPU.ActiveCfg = Debug|Any CPU
		{7C73994C-6A74-403D-A5E2-EFC34A4BE986}.Debug|Any CPU.Build.0 = Debug|Any CPU
		{7C73994C-6A74-403D-A5E2-EFC34A4BE986}.Release|Any CPU.ActiveCfg = Release|Any CPU
		{7C73994C-6A74-403D-A5E2-EFC34A4BE986}.Release|Any CPU.Build.0 = Release|Any CPU
	EndGlobalSection
	GlobalSection(SolutionProperties) = preSolution
		HideSolutionNode = FALSE
	EndGlobalSection
	GlobalSection(ExtensibilityGlobals) = postSolution
		SolutionGuid = {F613085E-8ECB-4117-AC4A-60FE701EC984}
	EndGlobalSection
EndGlobal
